// !$*UTF8*$!
{
	archiveVersion = 1;
	classes = {
	};
	objectVersion = 46;
	objects = {

/* Begin PBXBuildFile section */
		40D4148B1C68FBB500D74ADC /* AppDelegate.swift in Sources */ = {isa = PBXBuildFile; fileRef = 40D4148A1C68FBB500D74ADC /* AppDelegate.swift */; };
		40D414901C68FBB600D74ADC /* Main.storyboard in Resources */ = {isa = PBXBuildFile; fileRef = 40D4148E1C68FBB600D74ADC /* Main.storyboard */; };
		40D414921C68FBB600D74ADC /* Assets.xcassets in Resources */ = {isa = PBXBuildFile; fileRef = 40D414911C68FBB600D74ADC /* Assets.xcassets */; };
		40D414951C68FBB600D74ADC /* LaunchScreen.storyboard in Resources */ = {isa = PBXBuildFile; fileRef = 40D414931C68FBB600D74ADC /* LaunchScreen.storyboard */; };
		40D4149D1C69032F00D74ADC /* MoviesViewController.swift in Sources */ = {isa = PBXBuildFile; fileRef = 40D4149C1C69032F00D74ADC /* MoviesViewController.swift */; };
		40D414A01C6926D100D74ADC /* MovieCell.swift in Sources */ = {isa = PBXBuildFile; fileRef = 40D4149F1C6926D100D74ADC /* MovieCell.swift */; };
/* End PBXBuildFile section */

/* Begin PBXFileReference section */
		40D414871C68FBB500D74ADC /* MovieViewer.app */ = {isa = PBXFileReference; explicitFileType = wrapper.application; includeInIndex = 0; path = MovieViewer.app; sourceTree = BUILT_PRODUCTS_DIR; };
		40D4148A1C68FBB500D74ADC /* AppDelegate.swift */ = {isa = PBXFileReference; lastKnownFileType = sourcecode.swift; path = AppDelegate.swift; sourceTree = "<group>"; };
		40D4148F1C68FBB600D74ADC /* Base */ = {isa = PBXFileReference; lastKnownFileType = file.storyboard; name = Base; path = Base.lproj/Main.storyboard; sourceTree = "<group>"; };
		40D414911C68FBB600D74ADC /* Assets.xcassets */ = {isa = PBXFileReference; lastKnownFileType = folder.assetcatalog; path = Assets.xcassets; sourceTree = "<group>"; };
		40D414941C68FBB600D74ADC /* Base */ = {isa = PBXFileReference; lastKnownFileType = file.storyboard; name = Base; path = Base.lproj/LaunchScreen.storyboard; sourceTree = "<group>"; };
		40D414961C68FBB600D74ADC /* Info.plist */ = {isa = PBXFileReference; lastKnownFileType = text.plist.xml; path = Info.plist; sourceTree = "<group>"; };
		40D4149C1C69032F00D74ADC /* MoviesViewController.swift */ = {isa = PBXFileReference; fileEncoding = 4; lastKnownFileType = sourcecode.swift; path = MoviesViewController.swift; sourceTree = "<group>"; };
		40D4149F1C6926D100D74ADC /* MovieCell.swift */ = {isa = PBXFileReference; fileEncoding = 4; lastKnownFileType = sourcecode.swift; path = MovieCell.swift; sourceTree = "<group>"; };
/* End PBXFileReference section */

/* Begin PBXFrameworksBuildPhase section */
		40D414841C68FBB500D74ADC /* Frameworks */ = {
			isa = PBXFrameworksBuildPhase;
			buildActionMask = 2147483647;
			files = (
			);
			runOnlyForDeploymentPostprocessing = 0;
		};
/* End PBXFrameworksBuildPhase section */

/* Begin PBXGroup section */
		40D4147E1C68FBB500D74ADC = {
			isa = PBXGroup;
			children = (
				40D414891C68FBB500D74ADC /* MovieViewer */,
				40D414881C68FBB500D74ADC /* Products */,
			);
			sourceTree = "<group>";
		};
		40D414881C68FBB500D74ADC /* Products */ = {
			isa = PBXGroup;
			children = (
				40D414871C68FBB500D74ADC /* MovieViewer.app */,
			);
			name = Products;
			sourceTree = "<group>";
		};
		40D414891C68FBB500D74ADC /* MovieViewer */ = {
			isa = PBXGroup;
			children = (
				40D414A11C6926E200D74ADC /* View Controllers */,
				40D4149E1C6926A200D74ADC /* Views */,
				40D4148A1C68FBB500D74ADC /* AppDelegate.swift */,
				40D4148E1C68FBB600D74ADC /* Main.storyboard */,
				40D414911C68FBB600D74ADC /* Assets.xcassets */,
				40D414931C68FBB600D74ADC /* LaunchScreen.storyboard */,
				40D414961C68FBB600D74ADC /* Info.plist */,
			);
			path = MovieViewer;
			sourceTree = "<group>";
		};
		40D4149E1C6926A200D74ADC /* Views */ = {
			isa = PBXGroup;
			children = (
				40D4149F1C6926D100D74ADC /* MovieCell.swift */,
			);
			name = Views;
			sourceTree = "<group>";
		};
		40D414A11C6926E200D74ADC /* View Controllers */ = {
			isa = PBXGroup;
			children = (
				40D4149C1C69032F00D74ADC /* MoviesViewController.swift */,
			);
			name = "View Controllers";
			sourceTree = "<group>";
		};
/* End PBXGroup section */

/* Begin PBXNativeTarget section */
		40D414861C68FBB500D74ADC /* MovieViewer */ = {
			isa = PBXNativeTarget;
			buildConfigurationList = 40D414991C68FBB600D74ADC /* Build configuration list for PBXNativeTarget "MovieViewer" */;
			buildPhases = (
				40D414831C68FBB500D74ADC /* Sources */,
				40D414841C68FBB500D74ADC /* Frameworks */,
				40D414851C68FBB500D74ADC /* Resources */,
			);
			buildRules = (
			);
			dependencies = (
			);
			name = MovieViewer;
			productName = MovieViewer;
			productReference = 40D414871C68FBB500D74ADC /* MovieViewer.app */;
			productType = "com.apple.product-type.application";
		};
/* End PBXNativeTarget section */

/* Begin PBXProject section */
		40D4147F1C68FBB500D74ADC /* Project object */ = {
			isa = PBXProject;
			attributes = {
				LastSwiftUpdateCheck = 0720;
				LastUpgradeCheck = 0720;
				ORGANIZATIONNAME = CodePath;
				TargetAttributes = {
					40D414861C68FBB500D74ADC = {
						CreatedOnToolsVersion = 7.2.1;
					};
				};
			};
			buildConfigurationList = 40D414821C68FBB500D74ADC /* Build configuration list for PBXProject "MovieViewer" */;
			compatibilityVersion = "Xcode 3.2";
			developmentRegion = English;
			hasScannedForEncodings = 0;
			knownRegions = (
				en,
				Base,
			);
			mainGroup = 40D4147E1C68FBB500D74ADC;
			productRefGroup = 40D414881C68FBB500D74ADC /* Products */;
			projectDirPath = "";
			projectRoot = "";
			targets = (
				40D414861C68FBB500D74ADC /* MovieViewer */,
			);
		};
/* End PBXProject section */

/* Begin PBXResourcesBuildPhase section */
		40D414851C68FBB500D74ADC /* Resources */ = {
			isa = PBXResourcesBuildPhase;
			buildActionMask = 2147483647;
			files = (
				40D414951C68FBB600D74ADC /* LaunchScreen.storyboard in Resources */,
				40D414921C68FBB600D74ADC /* Assets.xcassets in Resources */,
				40D414901C68FBB600D74ADC /* Main.storyboard in Resources */,
			);
			runOnlyForDeploymentPostprocessing = 0;
		};
/* End PBXResourcesBuildPhase section */

/* Begin PBXSourcesBuildPhase section */
		40D414831C68FBB500D74ADC /* Sources */ = {
			isa = PBXSourcesBuildPhase;
			buildActionMask = 2147483647;
			files = (
				40D4148B1C68FBB500D74ADC /* AppDelegate.swift in Sources */,
				40D4149D1C69032F00D74ADC /* MoviesViewController.swift in Sources */,
				40D414A01C6926D100D74ADC /* MovieCell.swift in Sources */,
			);
			runOnlyForDeploymentPostprocessing = 0;
		};
/* End PBXSourcesBuildPhase section */

/* Begin PBXVariantGroup section */
		40D4148E1C68FBB600D74ADC /* Main.storyboard */ = {
			isa = PBXVariantGroup;
			children = (
				40D4148F1C68FBB600D74ADC /* Base */,
			);
			name = Main.storyboard;
			sourceTree = "<group>";
		};
		40D414931C68FBB600D74ADC /* LaunchScreen.storyboard */ = {
			isa = PBXVariantGroup;
			children = (
				40D414941C68FBB600D74ADC /* Base */,
			);
			name = LaunchScreen.storyboard;
			sourceTree = "<group>";
		};
/* End PBXVariantGroup section */

/* Begin XCBuildConfiguration section */
		40D414971C68FBB600D74ADC /* Debug */ = {
			isa = XCBuildConfiguration;
			buildSettings = {
				ALWAYS_SEARCH_USER_PATHS = NO;
				CLANG_CXX_LANGUAGE_STANDARD = "gnu++0x";
				CLANG_CXX_LIBRARY = "libc++";
				CLANG_ENABLE_MODULES = YES;
				CLANG_ENABLE_OBJC_ARC = YES;
				CLANG_WARN_BOOL_CONVERSION = YES;
				CLANG_WARN_CONSTANT_CONVERSION = YES;
				CLANG_WARN_DIRECT_OBJC_ISA_USAGE = YES_ERROR;
				CLANG_WARN_EMPTY_BODY = YES;
				CLANG_WARN_ENUM_CONVERSION = YES;
				CLANG_WARN_INT_CONVERSION = YES;
				CLANG_WARN_OBJC_ROOT_CLASS = YES_ERROR;
				CLANG_WARN_UNREACHABLE_CODE = YES;
				CLANG_WARN__DUPLICATE_METHOD_MATCH = YES;
				"CODE_SIGN_IDENTITY[sdk=iphoneos*]" = "iPhone Developer";
				COPY_PHASE_STRIP = NO;
				DEBUG_INFORMATION_FORMAT = dwarf;
				ENABLE_STRICT_OBJC_MSGSEND = YES;
				ENABLE_TESTABILITY = YES;
				GCC_C_LANGUAGE_STANDARD = gnu99;
				GCC_DYNAMIC_NO_PIC = NO;
				GCC_NO_COMMON_BLOCKS = YES;
				GCC_OPTIMIZATION_LEVEL = 0;
				GCC_PREPROCESSOR_DEFINITIONS = (
					"DEBUG=1",
					"$(inherited)",
				);
				GCC_WARN_64_TO_32_BIT_CONVERSION = YES;
				GCC_WARN_ABOUT_RETURN_TYPE = YES_ERROR;
				GCC_WARN_UNDECLARED_SELECTOR = YES;
				GCC_WARN_UNINITIALIZED_AUTOS = YES_AGGRESSIVE;
				GCC_WARN_UNUSED_FUNCTION = YES;
				GCC_WARN_UNUSED_VARIABLE = YES;
				IPHONEOS_DEPLOYMENT_TARGET = 9.2;
				MTL_ENABLE_DEBUG_INFO = YES;
				ONLY_ACTIVE_ARCH = YES;
				SDKROOT = iphoneos;
				SWIFT_OPTIMIZATION_LEVEL = "-Onone";
			};
			name = Debug;
		};
		40D414981C68FBB600D74ADC /* Release */ = {
			isa = XCBuildConfiguration;
			buildSettings = {
				ALWAYS_SEARCH_USER_PATHS = NO;
				CLANG_CXX_LANGUAGE_STANDARD = "gnu++0x";
				CLANG_CXX_LIBRARY = "libc++";
				CLANG_ENABLE_MODULES = YES;
				CLANG_ENABLE_OBJC_ARC = YES;
				CLANG_WARN_BOOL_CONVERSION = YES;
				CLANG_WARN_CONSTANT_CONVERSION = YES;
				CLANG_WARN_DIRECT_OBJC_ISA_USAGE = YES_ERROR;
				CLANG_WARN_EMPTY_BODY = YES;
				CLANG_WARN_ENUM_CONVERSION = YES;
				CLANG_WARN_INT_CONVERSION = YES;
				CLANG_WARN_OBJC_ROOT_CLASS = YES_ERROR;
				CLANG_WARN_UNREACHABLE_CODE = YES;
				CLANG_WARN__DUPLICATE_METHOD_MATCH = YES;
				"CODE_SIGN_IDENTITY[sdk=iphoneos*]" = "iPhone Developer";
				COPY_PHASE_STRIP = NO;
				DEBUG_INFORMATION_FORMAT = "dwarf-with-dsym";
				ENABLE_NS_ASSERTIONS = NO;
				ENABLE_STRICT_OBJC_MSGSEND = YES;
				GCC_C_LANGUAGE_STANDARD = gnu99;
				GCC_NO_COMMON_BLOCKS = YES;
				GCC_WARN_64_TO_32_BIT_CONVERSION = YES;
				GCC_WARN_ABOUT_RETURN_TYPE = YES_ERROR;
				GCC_WARN_UNDECLARED_SELECTOR = YES;
				GCC_WARN_UNINITIALIZED_AUTOS = YES_AGGRESSIVE;
				GCC_WARN_UNUSED_FUNCTION = YES;
				GCC_WARN_UNUSED_VARIABLE = YES;
				IPHONEOS_DEPLOYMENT_TARGET = 9.2;
				MTL_ENABLE_DEBUG_INFO = NO;
				SDKROOT = iphoneos;
				VALIDATE_PRODUCT = YES;
			};
			name = Release;
		};
		40D4149A1C68FBB600D74ADC /* Debug */ = {
			isa = XCBuildConfiguration;
			buildSettings = {
				ASSETCATALOG_COMPILER_APPICON_NAME = AppIcon;
				INFOPLIST_FILE = MovieViewer/Info.plist;
				LD_RUNPATH_SEARCH_PATHS = "$(inherited) @executable_path/Frameworks";
				PRODUCT_BUNDLE_IDENTIFIER = com.codepath.MovieViewer;
				PRODUCT_NAME = "$(TARGET_NAME)";
			};
			name = Debug;
		};
		40D4149B1C68FBB600D74ADC /* Release */ = {
			isa = XCBuildConfiguration;
			buildSettings = {
				ASSETCATALOG_COMPILER_APPICON_NAME = AppIcon;
				INFOPLIST_FILE = MovieViewer/Info.plist;
				LD_RUNPATH_SEARCH_PATHS = "$(inherited) @executable_path/Frameworks";
				PRODUCT_BUNDLE_IDENTIFIER = com.codepath.MovieViewer;
				PRODUCT_NAME = "$(TARGET_NAME)";
			};
			name = Release;
		};
/* End XCBuildConfiguration section */

/* Begin XCConfigurationList section */
		40D414821C68FBB500D74ADC /* Build configuration list for PBXProject "MovieViewer" */ = {
			isa = XCConfigurationList;
			buildConfigurations = (
				40D414971C68FBB600D74ADC /* Debug */,
				40D414981C68FBB600D74ADC /* Release */,
			);
			defaultConfigurationIsVisible = 0;
			defaultConfigurationName = Release;
		};
		40D414991C68FBB600D74ADC /* Build configuration list for PBXNativeTarget "MovieViewer" */ = {
			isa = XCConfigurationList;
			buildConfigurations = (
				40D4149A1C68FBB600D74ADC /* Debug */,
				40D4149B1C68FBB600D74ADC /* Release */,
			);
			defaultConfigurationIsVisible = 0;
		};
/* End XCConfigurationList section */
	};
	rootObject = 40D4147F1C68FBB500D74ADC /* Project object */;
}
